# THIS IS AN AUTOGENERATED FILE. DO NOT EDIT THIS FILE DIRECTLY.
# yarn lockfile v1


"@babel/runtime@^7.12.1", "@babel/runtime@^7.4.2", "@babel/runtime@^7.5.5", "@babel/runtime@^7.6.3", "@babel/runtime@^7.8.7":
  "integrity" "sha512-plcc+hbExy3McchJCEQG3knOsuh3HH+Prx1P6cLIkET/0dLuQDEnrT+s27Axgc9bqfsmNUNHfscgMUdBpC9xfg=="
  "resolved" "https://registry.npmjs.org/@babel/runtime/-/runtime-7.12.5.tgz"
  "version" "7.12.5"
  dependencies:
    "regenerator-runtime" "^0.13.4"

"@popperjs/core@^2.5.3":
  "integrity" "sha512-cPqjjzuFWNK3BSKLm0abspP0sp/IGOli4p5I5fKFAzdS8fvjdOwDCfZqAaIiXd9lPkOWi3SUUfZof3hEb7J/uw=="
  "resolved" "https://registry.npmjs.org/@popperjs/core/-/core-2.6.0.tgz"
  "version" "2.6.0"

"@restart/context@^2.1.4":
  "integrity" "sha512-INJYZQJP7g+IoDUh/475NlGiTeMfwTXUEr3tmRneckHIxNolGOW9CTq83S8cxq0CgJwwcMzMJFchxvlwe7Rk8Q=="
  "resolved" "https://registry.npmjs.org/@restart/context/-/context-2.1.4.tgz"
  "version" "2.1.4"

"@restart/hooks@^0.3.21", "@restart/hooks@^0.3.25":
  "integrity" "sha512-7Hwk2ZMYm+JLWcb7R9qIXk1OoUg1Z+saKWqZXlrvFwT3w6UArVNWgxYOzf+PJoK9zZejp8okPAKTctthhXLt5g=="
  "resolved" "https://registry.npmjs.org/@restart/hooks/-/hooks-0.3.26.tgz"
  "version" "0.3.26"
  dependencies:
    "lodash" "^4.17.20"
    "lodash-es" "^4.17.20"

"@types/classnames@^2.2.10":
  "integrity" "sha512-2koNhpWm3DgWRp5tpkiJ8JGc1xTn2q0l+jUNUE7oMKXUf5NpI9AIdC4kbjGNFBdHtcxBD18LAksoudAVhFKCjw=="
  "resolved" "https://registry.npmjs.org/@types/classnames/-/classnames-2.2.11.tgz"
  "version" "2.2.11"

"@types/invariant@^2.2.33":
  "integrity" "sha512-lYUtmJ9BqUN688fGY1U1HZoWT1/Jrmgigx2loq4ZcJpICECm/Om3V314BxdzypO0u5PORKGMM6x0OXaljV1YFg=="
  "resolved" "https://registry.npmjs.org/@types/invariant/-/invariant-2.2.34.tgz"
  "version" "2.2.34"

"@types/prop-types@*", "@types/prop-types@^15.7.3":
  "integrity" "sha512-KfRL3PuHmqQLOG+2tGpRO26Ctg+Cq1E01D2DMriKEATHgWLfeNDmq9e29Q9WIky0dQ3NPkd1mzYH8Lm936Z9qw=="
  "resolved" "https://registry.npmjs.org/@types/prop-types/-/prop-types-15.7.3.tgz"
  "version" "15.7.3"

"@types/react-transition-group@^4.4.0":
  "integrity" "sha512-/QfLHGpu+2fQOqQaXh8MG9q03bFENooTb/it4jr5kKaZlDQfWvjqWZg48AwzPVMBHlRuTRAY7hRHCEOXz5kV6w=="
  "resolved" "https://registry.npmjs.org/@types/react-transition-group/-/react-transition-group-4.4.0.tgz"
  "version" "4.4.0"
  dependencies:
    "@types/react" "*"

"@types/react@*", "@types/react@^16.9.11", "@types/react@^16.9.35":
  "integrity" "sha512-BzzcAlyDxXl2nANlabtT4thtvbbnhee8hMmH/CcJrISDBVcJS1iOsP1f0OAgSdGE0MsY9tqcrb9YoZcOFv9dbQ=="
  "resolved" "https://registry.npmjs.org/@types/react/-/react-16.14.2.tgz"
  "version" "16.14.2"
  dependencies:
    "@types/prop-types" "*"
    "csstype" "^3.0.2"

"@types/warning@^3.0.0":
  "integrity" "sha1-DSUBJorY+ZYrdA04fEZU9fjiPlI="
  "resolved" "https://registry.npmjs.org/@types/warning/-/warning-3.0.0.tgz"
  "version" "3.0.0"

"app@file:/Users/umallampalli/Dev/vite-nested-packages/app":
  "resolved" "file:app"
  dependencies:
    "vite" "2.0.0-beta.36"
    "vue" "2.6.12"

"classnames@^2.2.6":
  "integrity" "sha512-JR/iSQOSt+LQIWwrwEzJ9uk0xfN3mTVYMwt1Ir5mUcSN6pU+V4zQFFaJsclJbPuAUQH+yfWef6tm7l1quW3C8Q=="
  "resolved" "https://registry.npmjs.org/classnames/-/classnames-2.2.6.tgz"
  "version" "2.2.6"

"colorette@^1.2.1":
  "integrity" "sha512-puCDz0CzydiSYOrnXpz/PKd69zRrribezjtE9yd4zvytoRc8+RY/KJPvtPFKZS3E3wP6neGyMe0vOTlHO5L3Pw=="
  "resolved" "https://registry.npmjs.org/colorette/-/colorette-1.2.1.tgz"
  "version" "1.2.1"

"csstype@^3.0.2":
  "integrity" "sha512-+ZAmfyWMT7TiIlzdqJgjMb7S4f1beorDbWbsocyK4RaiqA5RTX3K14bnBWmmA9QEM0gRdsjyyrEmcyga8Zsxmw=="
  "resolved" "https://registry.npmjs.org/csstype/-/csstype-3.0.6.tgz"
  "version" "3.0.6"

"dom-helpers@^5.0.1", "dom-helpers@^5.1.2", "dom-helpers@^5.2.0":
  "integrity" "sha512-Ru5o9+V8CpunKnz5LGgWXkmrH/20cGKwcHwS4m73zIvs54CN9epEmT/HLqFJW3kXpakAFkEdzgy1hzlJe3E4OQ=="
  "resolved" "https://registry.npmjs.org/dom-helpers/-/dom-helpers-5.2.0.tgz"
  "version" "5.2.0"
  dependencies:
    "@babel/runtime" "^7.8.7"
    "csstype" "^3.0.2"

"esbuild@^0.8.26":
  "integrity" "sha512-2ms/P6Y9zJfopR9dKo2vHzhXKfGSNlquVVoVOF8YnhjuzZVrvManMVBPadBsR/t7jzIkRnwqvxrs7d4f3C3eyg=="
  "resolved" "https://registry.npmjs.org/esbuild/-/esbuild-0.8.33.tgz"
  "version" "0.8.33"

"fsevents@~2.1.2":
  "integrity" "sha512-Auw9a4AxqWpa9GUfj370BMPzzyncfBABW8Mab7BGWBYDj4Isgq+cDKtx0i6u9jcX9pQDnswsaaOTgTmA5pEjuQ=="
  "resolved" "https://registry.npmjs.org/fsevents/-/fsevents-2.1.3.tgz"
  "version" "2.1.3"

"function-bind@^1.1.1":
  "integrity" "sha512-yIovAzMX49sF8Yl58fSCWJ5svSLuaibPxXQJFLmBObTuCr0Mf1KiPopGM9NiFjiYBCbfaa2Fh6breQ6ANVTI0A=="
  "resolved" "https://registry.npmjs.org/function-bind/-/function-bind-1.1.1.tgz"
  "version" "1.1.1"

"has@^1.0.3":
  "integrity" "sha512-f2dvO0VU6Oej7RkWJGrehjbzMAjFp5/VKPp5tTpWIV4JHHZK1/BxbFRtf/siA2SWTe09caDmVtYYzWEIbBS4zw=="
  "resolved" "https://registry.npmjs.org/has/-/has-1.0.3.tgz"
  "version" "1.0.3"
  dependencies:
    "function-bind" "^1.1.1"

"invariant@^2.2.4":
  "integrity" "sha512-phJfQVBuaJM5raOpJjSfkiD6BpbCE4Ns//LaXl6wGYtUBY83nWS6Rf9tXm2e8VaK60JEjYldbPif/A2B1C2gNA=="
  "resolved" "https://registry.npmjs.org/invariant/-/invariant-2.2.4.tgz"
  "version" "2.2.4"
  dependencies:
    "loose-envify" "^1.0.0"

"is-core-module@^2.1.0":
  "integrity" "sha512-XRAfAdyyY5F5cOXn7hYQDqh2Xmii+DEfIcQGxK/uNwMHhIkPWO0g8msXcbzLe+MpGoR951MlqM/2iIlU4vKDdQ=="
  "resolved" "https://registry.npmjs.org/is-core-module/-/is-core-module-2.2.0.tgz"
  "version" "2.2.0"
  dependencies:
    "has" "^1.0.3"

"js-tokens@^3.0.0 || ^4.0.0":
  "integrity" "sha512-RdJUflcE3cUzKiMqQgsCu06FPu9UdIJO0beYbPhHN4k6apgJtifcoCtT9bcxOpYBtpD2kCM6Sbzg4CausW/PKQ=="
  "resolved" "https://registry.npmjs.org/js-tokens/-/js-tokens-4.0.0.tgz"
  "version" "4.0.0"

"lodash-es@^4.17.20":
  "integrity" "sha512-JD1COMZsq8maT6mnuz1UMV0jvYD0E0aUsSOdrr1/nAG3dhqQXwRRgeW0cSqH1U43INKcqxaiVIQNOUDld7gRDA=="
  "resolved" "https://registry.npmjs.org/lodash-es/-/lodash-es-4.17.20.tgz"
  "version" "4.17.20"

"lodash@^4.17.20":
  "integrity" "sha512-PlhdFcillOINfeV7Ni6oF1TAEayyZBoZ8bcshTHqOYJYlrqzRK5hagpagky5o4HfCzzd1TRkXPMFq6cKk9rGmA=="
  "resolved" "https://registry.npmjs.org/lodash/-/lodash-4.17.20.tgz"
  "version" "4.17.20"

"loose-envify@^1.0.0", "loose-envify@^1.1.0", "loose-envify@^1.4.0":
  "integrity" "sha512-lyuxPGr/Wfhrlem2CL/UcnUc1zcqKAImBDzukY7Y5F/yQiNdko6+fRLevlw1HgMySw7f611UIY408EtxRSoK3Q=="
  "resolved" "https://registry.npmjs.org/loose-envify/-/loose-envify-1.4.0.tgz"
  "version" "1.4.0"
  dependencies:
    "js-tokens" "^3.0.0 || ^4.0.0"

"nanoid@^3.1.20":
  "integrity" "sha512-a1cQNyczgKbLX9jwbS/+d7W8fX/RfgYR7lVWwWOGIPNgK2m0MWvrGF6/m4kk6U3QcFMnZf3RIhL0v2Jgh/0Uxw=="
  "resolved" "https://registry.npmjs.org/nanoid/-/nanoid-3.1.20.tgz"
  "version" "3.1.20"

"object-assign@^4.1.1":
  "integrity" "sha1-IQmtx5ZYh8/AXLvUQsrIv7s2CGM="
  "resolved" "https://registry.npmjs.org/object-assign/-/object-assign-4.1.1.tgz"
  "version" "4.1.1"

"path-parse@^1.0.6":
  "integrity" "sha512-GSmOT2EbHrINBf9SR7CDELwlJ8AENk3Qn7OikK4nFYAu3Ote2+JYNVvkpAEQm3/TLNEJFD/xZJjzyxg3KBWOzw=="
  "resolved" "https://registry.npmjs.org/path-parse/-/path-parse-1.0.6.tgz"
  "version" "1.0.6"

"postcss@^8.2.1":
  "integrity" "sha512-kRFftRoExRVXZlwUuay9iC824qmXPcQQVzAjbCCgjpXnkdMCJYBu2gTwAaFBzv8ewND6O8xFb3aELmEkh9zTzg=="
  "resolved" "https://registry.npmjs.org/postcss/-/postcss-8.2.4.tgz"
  "version" "8.2.4"
  dependencies:
    "colorette" "^1.2.1"
    "nanoid" "^3.1.20"
    "source-map" "^0.6.1"

"prop-types-extra@^1.1.0":
  "integrity" "sha512-59+AHNnHYCdiC+vMwY52WmvP5dM3QLeoumYuEyceQDi9aEhtwN9zIQ2ZNo25sMyXnbh32h+P1ezDsUpUH3JAew=="
  "resolved" "https://registry.npmjs.org/prop-types-extra/-/prop-types-extra-1.1.1.tgz"
  "version" "1.1.1"
  dependencies:
    "react-is" "^16.3.2"
    "warning" "^4.0.0"

"prop-types@^15.6.2", "prop-types@^15.7.2":
  "integrity" "sha512-8QQikdH7//R2vurIJSutZ1smHYTcLpRWEOlHnzcWHmBYrOGUysKwSsrC89BCiFj3CbrfJ/nXFdJepOVrY1GCHQ=="
  "resolved" "https://registry.npmjs.org/prop-types/-/prop-types-15.7.2.tgz"
  "version" "15.7.2"
  dependencies:
    "loose-envify" "^1.4.0"
    "object-assign" "^4.1.1"
    "react-is" "^16.8.1"

"react-bootstrap@1.3.0":
  "integrity" "sha512-GYj0c6FO9mx7DaO8Xyz2zs0IcQ6CGCtM3O6/feIoCaG4N8B0+l4eqL7stlMcLpqO4d8NG2PoMO/AbUOD+MO7mg=="
  "resolved" "https://registry.npmjs.org/react-bootstrap/-/react-bootstrap-1.3.0.tgz"
  "version" "1.3.0"
  dependencies:
    "@babel/runtime" "^7.4.2"
    "@restart/context" "^2.1.4"
    "@restart/hooks" "^0.3.21"
    "@types/classnames" "^2.2.10"
    "@types/invariant" "^2.2.33"
    "@types/prop-types" "^15.7.3"
    "@types/react" "^16.9.35"
    "@types/react-transition-group" "^4.4.0"
    "@types/warning" "^3.0.0"
    "classnames" "^2.2.6"
    "dom-helpers" "^5.1.2"
    "invariant" "^2.2.4"
    "prop-types" "^15.7.2"
    "prop-types-extra" "^1.1.0"
    "react-overlays" "^4.1.0"
    "react-transition-group" "^4.4.1"
    "uncontrollable" "^7.0.0"
    "warning" "^4.0.3"

"react-dom@>=16.3.0", "react-dom@>=16.6.0", "react-dom@>=16.8.0", "react-dom@16.13.1":
  "integrity" "sha512-81PIMmVLnCNLO/fFOQxdQkvEq/+Hfpv24XNJfpyZhTRfO0QcmQIF/PgCa1zCOj2w1hrn12MFLyaJ/G0+Mxtfag=="
  "resolved" "https://registry.npmjs.org/react-dom/-/react-dom-16.13.1.tgz"
  "version" "16.13.1"
  dependencies:
    "loose-envify" "^1.1.0"
    "object-assign" "^4.1.1"
    "prop-types" "^15.6.2"
    "scheduler" "^0.19.1"

"react-is@^16.3.2", "react-is@^16.8.1":
  "integrity" "sha512-24e6ynE2H+OKt4kqsOvNd8kBpV65zoxbA4BVsEOB3ARVWQki/DHzaUoC5KuON/BiccDaCCTZBuOcfZs70kR8bQ=="
  "resolved" "https://registry.npmjs.org/react-is/-/react-is-16.13.1.tgz"
  "version" "16.13.1"

"react-lifecycles-compat@^3.0.4":
  "integrity" "sha512-fBASbA6LnOU9dOU2eW7aQ8xmYBSXUIWr+UmF9b1efZBazGNO+rcXT/icdKnYm2pTwcRylVUYwW7H1PHfLekVzA=="
  "resolved" "https://registry.npmjs.org/react-lifecycles-compat/-/react-lifecycles-compat-3.0.4.tgz"
  "version" "3.0.4"

"react-overlays@^4.1.0":
  "integrity" "sha512-WtJifh081e6M24KnvTQoNjQEpz7HoLxqt8TwZM7LOYIkYJ8i/Ly1Xi7RVte87ZVnmqQ4PFaFiNHZhSINPSpdBQ=="
  "resolved" "https://registry.npmjs.org/react-overlays/-/react-overlays-4.1.1.tgz"
  "version" "4.1.1"
  dependencies:
    "@babel/runtime" "^7.12.1"
    "@popperjs/core" "^2.5.3"
    "@restart/hooks" "^0.3.25"
    "@types/warning" "^3.0.0"
    "dom-helpers" "^5.2.0"
    "prop-types" "^15.7.2"
    "uncontrollable" "^7.0.0"
    "warning" "^4.0.3"

"react-transition-group@^4.4.1":
  "integrity" "sha512-Djqr7OQ2aPUiYurhPalTrVy9ddmFCCzwhqQmtN+J3+3DzLO209Fdr70QrN8Z3DsglWql6iY1lDWAfpFiBtuKGw=="
  "resolved" "https://registry.npmjs.org/react-transition-group/-/react-transition-group-4.4.1.tgz"
  "version" "4.4.1"
  dependencies:
    "@babel/runtime" "^7.5.5"
    "dom-helpers" "^5.0.1"
    "loose-envify" "^1.4.0"
    "prop-types" "^15.6.2"

"react@^16.13.1", "react@>=0.14.0", "react@>=15.0.0", "react@>=16.3.0", "react@>=16.3.2", "react@>=16.6.0", "react@>=16.8.0", "react@16.13.1":
  "integrity" "sha512-YMZQQq32xHLX0bz5Mnibv1/LHb3Sqzngu7xstSM+vrkE5Kzr9xE0yMByK5kMoTK30YVJE61WfbxIFFvfeDKT1w=="
  "resolved" "https://registry.npmjs.org/react/-/react-16.13.1.tgz"
  "version" "16.13.1"
  dependencies:
    "loose-envify" "^1.1.0"
    "object-assign" "^4.1.1"
    "prop-types" "^15.6.2"

"regenerator-runtime@^0.13.4":
  "integrity" "sha512-a54FxoJDIr27pgf7IgeQGxmqUNYrcV338lf/6gH456HZ/PhX+5BcwHXG9ajESmwe6WRO0tAzRUrRmNONWgkrew=="
  "resolved" "https://registry.npmjs.org/regenerator-runtime/-/regenerator-runtime-0.13.7.tgz"
  "version" "0.13.7"

"resolve@^1.19.0":
  "integrity" "sha512-rArEXAgsBG4UgRGcynxWIWKFvh/XZCcS8UJdHhwy91zwAvCZIbcs+vAbflgBnNjYMs/i/i+/Ux6IZhML1yPvxg=="
  "resolved" "https://registry.npmjs.org/resolve/-/resolve-1.19.0.tgz"
  "version" "1.19.0"
  dependencies:
    "is-core-module" "^2.1.0"
    "path-parse" "^1.0.6"

"rollup@^2.35.1":
  "integrity" "sha512-V3ojEeyGeSdrMSuhP3diBb06P+qV4gKQeanbDv+Qh/BZbhdZ7kHV0xAt8Yjk4GFshq/WjO7R4c7DFM20AwTFVQ=="
  "resolved" "https://registry.npmjs.org/rollup/-/rollup-2.37.1.tgz"
  "version" "2.37.1"
  dependencies:
    "fsevents" "~2.1.2"
  optionalDependencies:
    "fsevents" "~2.1.2"

"scheduler@^0.19.1":
  "integrity" "sha512-n/zwRWRYSUj0/3g/otKDRPMh6qv2SYMWNq85IEa8iZyAv8od9zDYpGSnpBEjNgcMNq6Scbu5KfIPxNF72R/2EA=="
  "resolved" "https://registry.npmjs.org/scheduler/-/scheduler-0.19.1.tgz"
  "version" "0.19.1"
  dependencies:
    "loose-envify" "^1.1.0"
    "object-assign" "^4.1.1"

"source-map@^0.6.1":
  "integrity" "sha512-UjgapumWlbMhkBgzT7Ykc5YXUT46F0iKu8SGXq0bcwP5dz/h0Plj6enJqjz1Zbq2l5WaqYnrVbwWOWMyF3F47g=="
  "resolved" "https://registry.npmjs.org/source-map/-/source-map-0.6.1.tgz"
  "version" "0.6.1"

"typescript@^4.1.3":
  "integrity" "sha512-B3ZIOf1IKeH2ixgHhj6la6xdwR9QrLC5d1VKeCSY4tvkqhF2eqd9O7txNlS0PO3GrBAFIdr3L1ndNwteUbZLYg=="
  "resolved" "https://registry.npmjs.org/typescript/-/typescript-4.1.3.tgz"
  "version" "4.1.3"

"uncontrollable@^7.0.0":
  "integrity" "sha512-EcPYhot3uWTS3w00R32R2+vS8Vr53tttrvMj/yA1uYRhf8hbTG2GyugGqWDY0qIskxn0uTTojVd6wPYW9ZEf8Q=="
  "resolved" "https://registry.npmjs.org/uncontrollable/-/uncontrollable-7.1.1.tgz"
  "version" "7.1.1"
  dependencies:
    "@babel/runtime" "^7.6.3"
    "@types/react" "^16.9.11"
    "invariant" "^2.2.4"
    "react-lifecycles-compat" "^3.0.4"

"vite@2.0.0-beta.36":
  "integrity" "sha512-+Q/Twq1/tpNQIZl0HSFTqiEuP7lXj+6H/f9q63+s5I2K/sqgSUajL3PL7W9uUUIv9dYpJ1eLqkO42ppH9w9Ldw=="
  "resolved" "https://registry.npmjs.org/vite/-/vite-2.0.0-beta.36.tgz"
  "version" "2.0.0-beta.36"
  dependencies:
    "esbuild" "^0.8.26"
    "fsevents" "~2.1.2"
    "postcss" "^8.2.1"
    "resolve" "^1.19.0"
    "rollup" "^2.35.1"
  optionalDependencies:
    "fsevents" "~2.1.2"

"vue-class-component@*":
  "integrity" "sha512-+eaQXVrAm/LldalI272PpDe3+i4mPis0ORiMYxF6Ae4hyuCh15W8Idet7wPUEs4N4YptgFHGys4UrgNQOMyO6w=="
  "resolved" "https://registry.npmjs.org/vue-class-component/-/vue-class-component-7.2.6.tgz"
  "version" "7.2.6"

"vue-property-decorator@9.1.2":
  "integrity" "sha512-xYA8MkZynPBGd/w5QFJ2d/NM0z/YeegMqYTphy7NJQXbZcuU6FC6AOdUAcy4SXP+YnkerC6AfH+ldg7PDk9ESQ=="
  "resolved" "https://registry.npmjs.org/vue-property-decorator/-/vue-property-decorator-9.1.2.tgz"
  "version" "9.1.2"

"vue@*", "vue@^2.0.0", "vue@2.6.12":
  "integrity" "sha512-uhmLFETqPPNyuLLbsKz6ioJ4q7AZHzD8ZVFNATNyICSZouqP2Sz0rotWQC8UNBF6VGSCs5abnKJoStA6JbCbfg=="
  "resolved" "https://registry.npmjs.org/vue/-/vue-2.6.12.tgz"
  "version" "2.6.12"

"warning@^4.0.0", "warning@^4.0.3":
  "integrity" "sha512-rpJyN222KWIvHJ/F53XSZv0Zl/accqHR8et1kpaMTD/fLCRxtV8iX8czMzY7sVZupTI3zcUTg8eycS2kNF9l6w=="
  "resolved" "https://registry.npmjs.org/warning/-/warning-4.0.3.tgz"
  "version" "4.0.3"
  dependencies:
    "loose-envify" "^1.0.0"
